{
  "name": "bible",
  "lockfileVersion": 3,
  "requires": true,
  "packages": {
    "": {
      "dependencies": {
        "@youversion/platform-core": "^2.6.2"
      }
    },
    "node_modules/@youversion/platform-core": {
      "version": "2.6.2",
      "resolved": "https://registry.npmmirror.com/@youversion/platform-core/-/platform-core-2.6.2.tgz",
      "integrity": "sha512-es6t2loTEODsaCbY6NA+gE7YrrA49anTh0MtyiurbWzTHALn+ultnT3Ok0FrjJ7fq87d90eDWgINHnUlym1dmA==",
      "license": "Apache-2.0",
      "dependencies": {
        "zod": "4.1.12"
      },
      "peerDependencies": {
        "jsdom": "^24.0.0 || ^28.0.0"
      },
      "peerDependenciesMeta": {
        "jsdom": {
          "optional": true
        }
      }
    },
    "node_modules/zod": {
      "version": "4.1.12",
      "resolved": "https://registry.npmmirror.com/zod/-/zod-4.1.12.tgz",
      "integrity": "sha512-JInaHOamG8pt5+Ey8kGmdcAcg3OL9reK8ltczgHTAwNhMys/6ThXHityHxVV2p3fkw/c+MAvBHFVYHFZDmjMCQ==",
      "license": "MIT",
      "funding": {
        "url": "https://github.com/sponsors/colinhacks"
      }
    }
  }
}
